
Microsoft Visual Studio Solution File, Format Version 12.00
# Visual Studio 15
VisualStudioVersion = 15.0.27428.2027
MinimumVisualStudioVersion = 10.0.40219.1
Project("{9A19103F-16F7-4668-BE54-9A1E7A4F7556}") = "ModelMob.Core", "src\ModelMob.Core\ModelMob.Core.csproj", "{10846694-5FDE-4FBE-A4C5-7E9BC0428482}"
EndProject
Project("{9A19103F-16F7-4668-BE54-9A1E7A4F7556}") = "ModelMob.Infrastructure", "src\ModelMob.Infrastructure\ModelMob.Infrastructure.csproj", "{0291E2B9-5C5B-4D28-8FE6-459BE5C66C6D}"
EndProject
Project("{2150E333-8FDC-42A3-9474-1A3956D46DE8}") = "Services", "Services", "{47C9C1CF-9DAA-4D9E-BD01-041A939D2A46}"
EndProject
Project("{9A19103F-16F7-4668-BE54-9A1E7A4F7556}") = "ModelMob.ModelService", "src\ModelMob.ModelService\ModelMob.ModelService.csproj", "{718271E6-8160-4666-ACDE-CC6EAE96C5D9}"
EndProject
Project("{9A19103F-16F7-4668-BE54-9A1E7A4F7556}") = "ModelMob.BookingService", "src\ModelMob.BookingService\ModelMob.BookingService.csproj", "{E6F3F7EC-6C2F-4630-AFBE-5EE202A24045}"
EndProject
Project("{9A19103F-16F7-4668-BE54-9A1E7A4F7556}") = "ModelMob.ClientService", "src\ModelMob.ClientService\ModelMob.ClientService.csproj", "{D30A6983-EC98-4BEA-9A54-71B005A323A2}"
EndProject
Project("{9A19103F-16F7-4668-BE54-9A1E7A4F7556}") = "ModelMob.DigitalAssetService", "src\ModelMob.DigitalAssetService\ModelMob.DigitalAssetService.csproj", "{14D15265-8AF4-4CFB-A16D-859EE063E6DC}"
EndProject
Project("{9A19103F-16F7-4668-BE54-9A1E7A4F7556}") = "ModelMob.JobService", "src\ModelMob.JobService\ModelMob.JobService.csproj", "{C8E401CA-ECC4-4EB2-B524-46E216D25DAC}"
EndProject
Project("{9A19103F-16F7-4668-BE54-9A1E7A4F7556}") = "ModelMob.OrganizationService", "src\ModelMob.OrganizationService\ModelMob.OrganizationService.csproj", "{AFC59168-A890-4370-B198-2087E7555813}"
EndProject
Project("{9A19103F-16F7-4668-BE54-9A1E7A4F7556}") = "ModelMob.SPA", "src\ModelMob.SPA\ModelMob.SPA.csproj", "{A0FE1091-488A-4F4A-83C2-EACFF48E28D9}"
EndProject
Project("{9A19103F-16F7-4668-BE54-9A1E7A4F7556}") = "ModelMob.IdentityService", "src\ModelMob.IdentityService\ModelMob.IdentityService.csproj", "{C4536964-099E-4C97-912B-E2279F620C89}"
EndProject
Project("{2150E333-8FDC-42A3-9474-1A3956D46DE8}") = "Common", "Common", "{3A163A80-6BA3-4B11-8190-34935DC5BBDD}"
EndProject
Project("{9A19103F-16F7-4668-BE54-9A1E7A4F7556}") = "ModelMob.ChatService", "src\ModelMob.ChatService\ModelMob.ChatService.csproj", "{D76F5390-AE7D-401D-8894-DA4C3A21F856}"
EndProject
Global
	GlobalSection(SolutionConfigurationPlatforms) = preSolution
		Debug|Any CPU = Debug|Any CPU
		Release|Any CPU = Release|Any CPU
	EndGlobalSection
	GlobalSection(ProjectConfigurationPlatforms) = postSolution
		{10846694-5FDE-4FBE-A4C5-7E9BC0428482}.Debug|Any CPU.ActiveCfg = Debug|Any CPU
		{10846694-5FDE-4FBE-A4C5-7E9BC0428482}.Debug|Any CPU.Build.0 = Debug|Any CPU
		{10846694-5FDE-4FBE-A4C5-7E9BC0428482}.Release|Any CPU.ActiveCfg = Release|Any CPU
		{10846694-5FDE-4FBE-A4C5-7E9BC0428482}.Release|Any CPU.Build.0 = Release|Any CPU
		{0291E2B9-5C5B-4D28-8FE6-459BE5C66C6D}.Debug|Any CPU.ActiveCfg = Debug|Any CPU
		{0291E2B9-5C5B-4D28-8FE6-459BE5C66C6D}.Debug|Any CPU.Build.0 = Debug|Any CPU
		{0291E2B9-5C5B-4D28-8FE6-459BE5C66C6D}.Release|Any CPU.ActiveCfg = Release|Any CPU
		{0291E2B9-5C5B-4D28-8FE6-459BE5C66C6D}.Release|Any CPU.Build.0 = Release|Any CPU
		{718271E6-8160-4666-ACDE-CC6EAE96C5D9}.Debug|Any CPU.ActiveCfg = Debug|Any CPU
		{718271E6-8160-4666-ACDE-CC6EAE96C5D9}.Debug|Any CPU.Build.0 = Debug|Any CPU
		{718271E6-8160-4666-ACDE-CC6EAE96C5D9}.Release|Any CPU.ActiveCfg = Release|Any CPU
		{718271E6-8160-4666-ACDE-CC6EAE96C5D9}.Release|Any CPU.Build.0 = Release|Any CPU
		{E6F3F7EC-6C2F-4630-AFBE-5EE202A24045}.Debug|Any CPU.ActiveCfg = Debug|Any CPU
		{E6F3F7EC-6C2F-4630-AFBE-5EE202A24045}.Debug|Any CPU.Build.0 = Debug|Any CPU
		{E6F3F7EC-6C2F-4630-AFBE-5EE202A24045}.Release|Any CPU.ActiveCfg = Release|Any CPU
		{E6F3F7EC-6C2F-4630-AFBE-5EE202A24045}.Release|Any CPU.Build.0 = Release|Any CPU
		{D30A6983-EC98-4BEA-9A54-71B005A323A2}.Debug|Any CPU.ActiveCfg = Debug|Any CPU
		{D30A6983-EC98-4BEA-9A54-71B005A323A2}.Debug|Any CPU.Build.0 = Debug|Any CPU
		{D30A6983-EC98-4BEA-9A54-71B005A323A2}.Release|Any CPU.ActiveCfg = Release|Any CPU
		{D30A6983-EC98-4BEA-9A54-71B005A323A2}.Release|Any CPU.Build.0 = Release|Any CPU
		{14D15265-8AF4-4CFB-A16D-859EE063E6DC}.Debug|Any CPU.ActiveCfg = Debug|Any CPU
		{14D15265-8AF4-4CFB-A16D-859EE063E6DC}.Debug|Any CPU.Build.0 = Debug|Any CPU
		{14D15265-8AF4-4CFB-A16D-859EE063E6DC}.Release|Any CPU.ActiveCfg = Release|Any CPU
		{14D15265-8AF4-4CFB-A16D-859EE063E6DC}.Release|Any CPU.Build.0 = Release|Any CPU
		{C8E401CA-ECC4-4EB2-B524-46E216D25DAC}.Debug|Any CPU.ActiveCfg = Debug|Any CPU
		{C8E401CA-ECC4-4EB2-B524-46E216D25DAC}.Debug|Any CPU.Build.0 = Debug|Any CPU
		{C8E401CA-ECC4-4EB2-B524-46E216D25DAC}.Release|Any CPU.ActiveCfg = Release|Any CPU
		{C8E401CA-ECC4-4EB2-B524-46E216D25DAC}.Release|Any CPU.Build.0 = Release|Any CPU
		{AFC59168-A890-4370-B198-2087E7555813}.Debug|Any CPU.ActiveCfg = Debug|Any CPU
		{AFC59168-A890-4370-B198-2087E7555813}.Debug|Any CPU.Build.0 = Debug|Any CPU
		{AFC59168-A890-4370-B198-2087E7555813}.Release|Any CPU.ActiveCfg = Release|Any CPU
		{AFC59168-A890-4370-B198-2087E7555813}.Release|Any CPU.Build.0 = Release|Any CPU
		{A0FE1091-488A-4F4A-83C2-EACFF48E28D9}.Debug|Any CPU.ActiveCfg = Debug|Any CPU
		{A0FE1091-488A-4F4A-83C2-EACFF48E28D9}.Debug|Any CPU.Build.0 = Debug|Any CPU
		{A0FE1091-488A-4F4A-83C2-EACFF48E28D9}.Release|Any CPU.ActiveCfg = Release|Any CPU
		{A0FE1091-488A-4F4A-83C2-EACFF48E28D9}.Release|Any CPU.Build.0 = Release|Any CPU
		{C4536964-099E-4C97-912B-E2279F620C89}.Debug|Any CPU.ActiveCfg = Debug|Any CPU
		{C4536964-099E-4C97-912B-E2279F620C89}.Debug|Any CPU.Build.0 = Debug|Any CPU
		{C4536964-099E-4C97-912B-E2279F620C89}.Release|Any CPU.ActiveCfg = Release|Any CPU
		{C4536964-099E-4C97-912B-E2279F620C89}.Release|Any CPU.Build.0 = Release|Any CPU
		{D76F5390-AE7D-401D-8894-DA4C3A21F856}.Debug|Any CPU.ActiveCfg = Debug|Any CPU
		{D76F5390-AE7D-401D-8894-DA4C3A21F856}.Debug|Any CPU.Build.0 = Debug|Any CPU
		{D76F5390-AE7D-401D-8894-DA4C3A21F856}.Release|Any CPU.ActiveCfg = Release|Any CPU
		{D76F5390-AE7D-401D-8894-DA4C3A21F856}.Release|Any CPU.Build.0 = Release|Any CPU
	EndGlobalSection
	GlobalSection(SolutionProperties) = preSolution
		HideSolutionNode = FALSE
	EndGlobalSection
	GlobalSection(NestedProjects) = preSolution
		{10846694-5FDE-4FBE-A4C5-7E9BC0428482} = {3A163A80-6BA3-4B11-8190-34935DC5BBDD}
		{0291E2B9-5C5B-4D28-8FE6-459BE5C66C6D} = {3A163A80-6BA3-4B11-8190-34935DC5BBDD}
		{718271E6-8160-4666-ACDE-CC6EAE96C5D9} = {47C9C1CF-9DAA-4D9E-BD01-041A939D2A46}
		{E6F3F7EC-6C2F-4630-AFBE-5EE202A24045} = {47C9C1CF-9DAA-4D9E-BD01-041A939D2A46}
		{D30A6983-EC98-4BEA-9A54-71B005A323A2} = {47C9C1CF-9DAA-4D9E-BD01-041A939D2A46}
		{14D15265-8AF4-4CFB-A16D-859EE063E6DC} = {47C9C1CF-9DAA-4D9E-BD01-041A939D2A46}
		{C8E401CA-ECC4-4EB2-B524-46E216D25DAC} = {47C9C1CF-9DAA-4D9E-BD01-041A939D2A46}
		{AFC59168-A890-4370-B198-2087E7555813} = {47C9C1CF-9DAA-4D9E-BD01-041A939D2A46}
		{C4536964-099E-4C97-912B-E2279F620C89} = {47C9C1CF-9DAA-4D9E-BD01-041A939D2A46}
		{D76F5390-AE7D-401D-8894-DA4C3A21F856} = {47C9C1CF-9DAA-4D9E-BD01-041A939D2A46}
	EndGlobalSection
	GlobalSection(ExtensibilityGlobals) = postSolution
		SolutionGuid = {CAAAD23E-AFDE-47AE-BBBB-57CC8CB081F0}
	EndGlobalSection
EndGlobal
